
Microsoft Visual Studio Solution File, Format Version 12.00
Project("{FAE04EC0-301F-11D3-BF4B-00C04F79EFBC}") = "Web", "Web\Web.csproj", "{7E43E70D-222D-4999-A753-268881752DE1}"
EndProject
Project("{FAE04EC0-301F-11D3-BF4B-00C04F79EFBC}") = "Data", "Data\Data.csproj", "{418FA5CE-0ACE-43D2-BEF9-3186ACEF71B8}"
EndProject
Project("{FAE04EC0-301F-11D3-BF4B-00C04F79EFBC}") = "Domain", "Domain\Domain.csproj", "{5CE0BA2F-6C68-4C48-A0B3-B45652C1928F}"
EndProject
Project("{FAE04EC0-301F-11D3-BF4B-00C04F79EFBC}") = "Ioc", "Ioc\Ioc.csproj", "{07D6F0A8-4875-41BD-A82F-B58AC01FCE28}"
EndProject
Project("{FAE04EC0-301F-11D3-BF4B-00C04F79EFBC}") = "Application", "Application\Application.csproj", "{ADA2537E-9100-4DE6-9DF8-8AA54EAACFEE}"
EndProject
Global
	GlobalSection(SolutionConfigurationPlatforms) = preSolution
		Debug|Any CPU = Debug|Any CPU
		Release|Any CPU = Release|Any CPU
	EndGlobalSection
	GlobalSection(ProjectConfigurationPlatforms) = postSolution
		{7E43E70D-222D-4999-A753-268881752DE1}.Debug|Any CPU.ActiveCfg = Debug|Any CPU
		{7E43E70D-222D-4999-A753-268881752DE1}.Debug|Any CPU.Build.0 = Debug|Any CPU
		{7E43E70D-222D-4999-A753-268881752DE1}.Release|Any CPU.ActiveCfg = Release|Any CPU
		{7E43E70D-222D-4999-A753-268881752DE1}.Release|Any CPU.Build.0 = Release|Any CPU
		{418FA5CE-0ACE-43D2-BEF9-3186ACEF71B8}.Debug|Any CPU.ActiveCfg = Debug|Any CPU
		{418FA5CE-0ACE-43D2-BEF9-3186ACEF71B8}.Debug|Any CPU.Build.0 = Debug|Any CPU
		{418FA5CE-0ACE-43D2-BEF9-3186ACEF71B8}.Release|Any CPU.ActiveCfg = Release|Any CPU
		{418FA5CE-0ACE-43D2-BEF9-3186ACEF71B8}.Release|Any CPU.Build.0 = Release|Any CPU
		{5CE0BA2F-6C68-4C48-A0B3-B45652C1928F}.Debug|Any CPU.ActiveCfg = Debug|Any CPU
		{5CE0BA2F-6C68-4C48-A0B3-B45652C1928F}.Debug|Any CPU.Build.0 = Debug|Any CPU
		{5CE0BA2F-6C68-4C48-A0B3-B45652C1928F}.Release|Any CPU.ActiveCfg = Release|Any CPU
		{5CE0BA2F-6C68-4C48-A0B3-B45652C1928F}.Release|Any CPU.Build.0 = Release|Any CPU
		{07D6F0A8-4875-41BD-A82F-B58AC01FCE28}.Debug|Any CPU.ActiveCfg = Debug|Any CPU
		{07D6F0A8-4875-41BD-A82F-B58AC01FCE28}.Debug|Any CPU.Build.0 = Debug|Any CPU
		{07D6F0A8-4875-41BD-A82F-B58AC01FCE28}.Release|Any CPU.ActiveCfg = Release|Any CPU
		{07D6F0A8-4875-41BD-A82F-B58AC01FCE28}.Release|Any CPU.Build.0 = Release|Any CPU
		{ADA2537E-9100-4DE6-9DF8-8AA54EAACFEE}.Debug|Any CPU.ActiveCfg = Debug|Any CPU
		{ADA2537E-9100-4DE6-9DF8-8AA54EAACFEE}.Debug|Any CPU.Build.0 = Debug|Any CPU
		{ADA2537E-9100-4DE6-9DF8-8AA54EAACFEE}.Release|Any CPU.ActiveCfg = Release|Any CPU
		{ADA2537E-9100-4DE6-9DF8-8AA54EAACFEE}.Release|Any CPU.Build.0 = Release|Any CPU
	EndGlobalSection
EndGlobal
